lockfileVersion: '9.0'

settings:
  autoInstallPeers: true
  excludeLinksFromLockfile: false

importers:

  .:
    dependencies:
      pg:
        specifier: 8.23.1
        version: 8.23.1
    devDependencies:
      pg-mem:
        specifier: 3.0.14
        version: 3.0.14

packages:

  call-bind-apply-helpers@1.0.2:
    resolution: {integrity: sha512-Sp1ablJ0ivDkSzjcaJdxEunN5/XvksFJ2sMBFfq6x0ryhQV/2b/KwFe21cMpmHtPOSij8K99/wSfoEuTObmuMQ==}
    engines: {node: '>= 0.4'}

  call-bind@1.0.9:
    resolution: {integrity: sha512-a/hy+pNsFUTR+Iz8TCJvXudKVLAnz/DyeSUo10I5yvFDQJBFU2s9uqQpoSrJlroHUKoKqzg+epxyP9lqFdzfBQ==}
    engines: {node: '>= 0.4'}

  call-bound@1.0.4:
    resolution: {integrity: sha512-+ys997U96po4Kx/ABpBCqhA9EuxJaQWDQg7295H4hBphv3IZg0boBKuwYpt4YXp6MZ5AmZQnU/tyMTlRpaSejg==}
    engines: {node: '>= 0.4'}

  commander@2.19.0:
    resolution: {integrity: sha512-6tvAOO+D6OENvRAh524Dh9jcfKTYDQAqvqezbCW82xj5X0pSrcpxtvRKHLG0yBY6SD7PSDrJaj+0AiOcKVd1Xg==}

  define-data-property@1.1.4:
    resolution: {integrity: sha512-rBMvIzlpA8v6E+SJZoo++HAYqsLrkg7MSfIinMPFhmkorw7X+dOXVJQs+QT69zGkzMyfDnIMN2Wid1+NbL3T+A==}
    engines: {node: '>= 0.4'}

  discontinuous-range@1.0.0:
    resolution: {integrity: sha512-c68LpLbO+7kP/b1Hr1qs8/BJ09F5khZGTxqxZuhzxpmwJKOgRFHJWIb9/KmqnqHhLdO55aOxFH/EGBvUQbL/RQ==}

  dunder-proto@1.0.1:
    resolution: {integrity: sha512-KIN/nDJBQRcXw0MLVhZE9iQHmG68qAVIBg9CqmUYjmQIhgij9U5MFvrqkUL5FbtyyzZuOeOt0zdeRe4UY7ct+A==}
    engines: {node: '>= 0.4'}

  es-define-property@1.0.1:
    resolution: {integrity: sha512-e3nRfgfUZ4rNGL232gUgX06QNyyez04KdjFrF+LTRoOXmrOgFKDg4BCdsjW8EnT69eqdYGmRpJwiPVYNrCaW3g==}
    engines: {node: '>= 0.4'}

  es-errors@1.3.0:
    resolution: {integrity: sha512-Zf5H2Kxt2xjTvbJvP2ZWLEICxA6j+hAmMzIlypy4xcBg1vKVnx89Wy0GbS+kf5cwCVFFzdCFh2XSCFNULS6csw==}
    engines: {node: '>= 0.4'}

  es-object-atoms@1.1.2:
    resolution: {integrity: sha512-HWcBoN6NileqtSydK2FqHbS/LoDd2pqrnQHLyJzBj4kOp/ky2MWMN694xOfkK8/SnUsW2DH7EfyVlydKCsm1Zw==}
    engines: {node: '>= 0.4'}

  function-bind@1.1.2:
    resolution: {integrity: sha512-7XHNxH7qX9xG5mIwxkhumTox/MIRNcOgDrxWsMt2pAr23WHp6MrRlN7FBSFpCpr+oVO0F744iUgR82nJMfG2SA==}

  functional-red-black-tree@1.0.1:
    resolution: {integrity: sha512-dsKNQNdj6xA3T+QlADDA7mOSlX0qiMINjn0cgr+eGHGsbSHzTabcIogz2+p/iqP1Xs6EP/sS2SbqH+brGTbq0g==}

  get-intrinsic@1.3.0:
    resolution: {integrity: sha512-9fSjSaos/fRIVIp+xSJlE6lfwhES7LNtKaCBIamHsjr2na1BiABJPo0mOjjz8GJDURarmCPGqaiVg5mfjb98CQ==}
    engines: {node: '>= 0.4'}

  get-proto@1.0.1:
    resolution: {integrity: sha512-sTSfBjoXBp89JvIKIefqw7U2CCebsc74kiY6awiGogKtoSGbgjYE/G/+l9sF3MWFPNc9IcoOC4ODfKHfxFmp0g==}
    engines: {node: '>= 0.4'}

  gopd@1.2.0:
    resolution: {integrity: sha512-ZUKRh6/kUFoAiTAtTYPZJ3hw9wNxx+BIBOijnlG9PnrJsCcSjs1wyyD6vJpaYtgnzDrKYRSqf3OO6Rfa93xsRg==}
    engines: {node: '>= 0.4'}

  has-property-descriptors@1.0.2:
    resolution: {integrity: sha512-55JNKuIW+vq4Ke1BjOTjM2YctQIvCT7GFzHwmfZPGo5wnrgkid0YQtnAleFSqumZm4az3n2BS+erby5ipJdgrg==}

  has-symbols@1.1.0:
    resolution: {integrity: sha512-1cDNdwJ2Jaohmb3sg4OmKaMBwuC48sYni5HUw2DvsC8LjGTLK9h+eb1X6RyuOHe4hT0ULCW68iomhjUoKUqlPQ==}
    engines: {node: '>= 0.4'}

  hasown@2.0.4:
    resolution: {integrity: sha512-T2UbfbBEF32wiepXIsMlTW9+dDYC6wMh/t/vYA4tuOMKqWz/n3vr1NFSxQiyP+zk2mXsoMA/i/7qV6LKut1t1A==}
    engines: {node: '>= 0.4'}

  immutable@4.3.9:
    resolution: {integrity: sha512-ObHy4YN7ycwZOUCLI1/6svfyAFu7vL8RhAvVu/bh/RZW9EPlOyDaQ9jDQWCtdqzaXUjgXZCW1migtHE7YI7UGQ==}

  isarray@2.0.5:
    resolution: {integrity: sha512-xHjhDr3cNBK0BzdUJSPXZntQUx/mwMS5Rw4A7lPJ90XGAO6ISP/ePDNuo0vhqOZU+UD5JoodwCAAoZQd3FeAKw==}

  json-stable-stringify@1.3.0:
    resolution: {integrity: sha512-qtYiSSFlwot9XHtF9bD9c7rwKjr+RecWT//ZnPvSmEjpV5mmPOCN4j8UjY5hbjNkOwZ/jQv3J6R1/pL7RwgMsg==}
    engines: {node: '>= 0.4'}

  jsonify@0.0.1:
    resolution: {integrity: sha512-2/Ki0GcmuqSrgFyelQq9M05y7PS0mEwuIzrf3f1fPqkVDVRvZrPZtVSMHxdgo8Aq0sxAOb/cr2aqqA3LeWHVPg==}

  lru-cache@6.0.0:
    resolution: {integrity: sha512-Jo6dJ04CmSjuznwJSS3pUeWmd/H0ffTlkXXgwZi+eq1UCmqQwCh+eLsYOYCwY991i2Fah4h1BEMCx4qThGbsiA==}
    engines: {node: '>=10'}

  math-intrinsics@1.1.0:
    resolution: {integrity: sha512-/IXtbwEk5HTPyEwyKX6hGkYXxM9nbj64B+ilVJnC/R6B0pH5G4V3b0pVbL7DBj4tkhBAppbQUlf6F6Xl9LHu1g==}
    engines: {node: '>= 0.4'}

  moment@2.31.0:
    resolution: {integrity: sha512-0acOTfMiWOheYS4eoWb80yYMb/JLvVv9SHbs2PehaDzfUG0Bw855SKyk0IKTnPGa5+U2bmi3W68l1+sGLX/pvw==}

  moo@0.5.3:
    resolution: {integrity: sha512-m2fmM2dDm7GZQsY7KK2cme8agi+AAljILjQnof7p1ZMDe6dQ4bdnSMx0cPppudoeNv5hEFQirN6u+O4fDE0IWA==}

  nearley@2.20.1:
    resolution: {integrity: sha512-+Mc8UaAebFzgV+KpI5n7DasuuQCHA89dmwm7JXw3TV43ukfNQ9DnBH3Mdb2g/I4Fdxc26pwimBWvjIw0UAILSQ==}
    hasBin: true

  object-hash@2.2.0:
    resolution: {integrity: sha512-gScRMn0bS5fH+IuwyIFgnh9zBdo4DV+6GhygmWM9HyNJSgS0hScp1f5vjtm7oIIOiT9trXrShAkLFSc2IqKNgw==}
    engines: {node: '>= 6'}

  object-keys@1.1.1:
    resolution: {integrity: sha512-NuAESUOUMrlIXOfHKzD6bpPu3tYt3xvjNdRIQ+FeT0lNb4K8WR70CaDxhuNguS2XG+GjkyMwOzsN5ZktImfhLA==}
    engines: {node: '>= 0.4'}

  pg-cloudflare@1.4.1:
    resolution: {integrity: sha512-6PQbsFWZcp9EmJEwy5cGQ2La+AMWpP46lgbb8X+U/XsHIUweYDNCpeuKck5RxL2MdVFi7krbbEi5nX4Zh7JhrQ==}

  pg-connection-string@2.14.1:
    resolution: {integrity: sha512-qR3kGNPBLpCNtz0evbKA0Y/MRFXwSSdT+pTJvYp/bXTcReZbvX1kzF0IyTc1QnxqF7AZbOeBhNL8R5mYQZV/MA==}

  pg-int8@1.0.1:
    resolution: {integrity: sha512-WCtabS6t3c8SkpDBUlb1kjOs7l66xsGdKpIPZsg4wR+B3+u9UAum2odSsF9tnvxg80h4ZxLWMy4pRjOsFIqQpw==}
    engines: {node: '>=4.0.0'}

  pg-mem@3.0.14:
    resolution: {integrity: sha512-G9m8OD0A+YS083smidSUJddTX2dEDPT8mRMG3sQGNiGfS/mkvAgd9Kf1/onD5633bFN7HcQK/Tn2x7qjBMFRUQ==}
    peerDependencies:
      '@mikro-orm/core': '>=4.5.3'
      '@mikro-orm/postgresql': '>=4.5.3'
      knex: '>=0.20'
      kysely: '>=0.26'
      mikro-orm: '*'
      pg-promise: '>=10.8.7'
      pg-server: ^0.1.5
      postgres: ^3.4.4
      slonik: '>=23.0.1'
      typeorm: '>=0.2.29'
    peerDependenciesMeta:
      '@mikro-orm/core':
        optional: true
      '@mikro-orm/postgresql':
        optional: true
      knex:
        optional: true
      kysely:
        optional: true
      mikro-orm:
        optional: true
      pg-promise:
        optional: true
      pg-server:
        optional: true
      postgres:
        optional: true
      slonik:
        optional: true
      typeorm:
        optional: true

  pg-pool@3.14.0:
    resolution: {integrity: sha512-gKtPkFdQPU3DksooVLi9LsjZxrsBUZIpa+7aVx+LV5pNh0KzP4Zleud2po+ConrxbuXGBJ6Hfer6hdgpIBpBaw==}
    peerDependencies:
      pg: '>=8.0'

  pg-protocol@1.16.1:
    resolution: {integrity: sha512-p9VOFMiHB/ZbJATetbg+99PxssTVSQRnyuPSQ67mN1+1KBOjZaZ83ZQzltnxPhJwSsC3nwVjJ10DVJlerbFzLg==}

  pg-types@2.2.0:
    resolution: {integrity: sha512-qTAAlrEsl8s4OiEQY69wDvcMIdQN6wdz5ojQiOy6YRMuynxenON0O5oCpJI6lshc6scgAY8qvJ2On/p+CXY0GA==}
    engines: {node: '>=4'}

  pg@8.23.1:
    resolution: {integrity: sha512-aL96AHANtWjPLDOLqnhx+ngp9+UK7ETEU8VJrDCGvsSSi/mGLcWYsS6Herg7lmaBJe4uwrfqsa7gTEFaSizDoQ==}
    engines: {node: '>= 16.0.0'}
    peerDependencies:
      pg-native: '>=3.0.1'
    peerDependenciesMeta:
      pg-native:
        optional: true

  pgpass@1.0.5:
    resolution: {integrity: sha512-FdW9r/jQZhSeohs1Z3sI1yxFQNFvMcnmfuj4WBMUTxOrAyLMaTcE1aAMBiTlbMNaXvBCQuVi0R7hd8udDSP7ug==}

  pgsql-ast-parser@12.0.2:
    resolution: {integrity: sha512-1WWa96Sw6h4uv9GLw98EzH/+xoBTC8j2TwV/AMW3E+Ir/fHOu/jLLbj6kPiz3y2bGISTKNYvKWwHoqvQ5FLuAw==}

  postgres-array@2.0.0:
    resolution: {integrity: sha512-VpZrUqU5A69eQyW2c5CA1jtLecCsN2U/bD6VilrFDWq5+5UIEVO7nazS3TEcHf1zuPYO/sqGvUvW62g86RXZuA==}
    engines: {node: '>=4'}

  postgres-bytea@1.0.1:
    resolution: {integrity: sha512-5+5HqXnsZPE65IJZSMkZtURARZelel2oXUEO8rH83VS/hxH5vv1uHquPg5wZs8yMAfdv971IU+kcPUczi7NVBQ==}
    engines: {node: '>=0.10.0'}

  postgres-date@1.0.7:
    resolution: {integrity: sha512-suDmjLVQg78nMK2UZ454hAG+OAW+HQPZ6n++TNDUX+L0+uUlLywnoxJKDou51Zm+zTCjrCl0Nq6J9C5hP9vK/Q==}
    engines: {node: '>=0.10.0'}

  postgres-interval@1.1.0:
    resolution: {integrity: sha512-txJzyrdoPw5F06xk3BEtzl46JCr6qU2DM8gfulxBFgqGKmfREbrcFyVqllttHuqWtafoBmowgJtGjm6kPGA/bg==}
    engines: {node: '>=0.10.0'}

  railroad-diagrams@1.0.0:
    resolution: {integrity: sha512-cz93DjNeLY0idrCNOH6PviZGRN9GJhsdm9hpn1YCS879fj4W+x5IFJhhkRZcwVgMmFF7R82UA/7Oh+R8lLZg6A==}

  randexp@0.4.6:
    resolution: {integrity: sha512-80WNmd9DA0tmZrw9qQa62GPPWfuXJknrmVmLcxvq4uZBdYqb1wYoKTmnlGUchvVWe0XiLupYkBoXVOxz3C8DYQ==}
    engines: {node: '>=0.12'}

  ret@0.1.15:
    resolution: {integrity: sha512-TTlYpa+OL+vMMNG24xSlQGEJ3B/RzEfUlLct7b5G/ytav+wPrplCpVMFuwzXbkecJrb6IYo1iFb0S9v37754mg==}
    engines: {node: '>=0.12'}

  set-function-length@1.2.2:
    resolution: {integrity: sha512-pgRc4hJ4/sNjWCSS9AmnS40x3bNMDTknHgL5UaMBTMyJnU90EgWh1Rz+MC9eFu4BuN/UwZjKQuY/1v3rM7HMfg==}
    engines: {node: '>= 0.4'}

  split2@4.2.0:
    resolution: {integrity: sha512-UcjcJOWknrNkF6PLX83qcHM6KHgVKNkV62Y8a5uYDVv9ydGQVwAHMKqHdJje1VTWpljG0WYpCDhrCdAOYH4TWg==}
    engines: {node: '>= 10.x'}

  xtend@4.0.2:
    resolution: {integrity: sha512-LKYU1iAXJXUgAXn9URjiu+MWhyUXHsvfp7mcuYm9dSUKK0/CjtrUwFAxD82/mCWbtLsGjFIad0wIsod4zrTAEQ==}
    engines: {node: '>=0.4'}

  yallist@4.0.0:
    resolution: {integrity: sha512-3wdGidZyq5PB084XLES5TpOSRA3wjXAlIWMhum2kRcv/41Sn2emQ0dycQW4uZXLejwKvg6EsvbdlVL+FYEct7A==}

snapshots:

  call-bind-apply-helpers@1.0.2:
    dependencies:
      es-errors: 1.3.0
      function-bind: 1.1.2

  call-bind@1.0.9:
    dependencies:
      call-bind-apply-helpers: 1.0.2
      es-define-property: 1.0.1
      get-intrinsic: 1.3.0
      set-function-length: 1.2.2

  call-bound@1.0.4:
    dependencies:
      call-bind-apply-helpers: 1.0.2
      get-intrinsic: 1.3.0

  commander@2.19.0: {}

  define-data-property@1.1.4:
    dependencies:
      es-define-property: 1.0.1
      es-errors: 1.3.0
      gopd: 1.2.0

  discontinuous-range@1.0.0: {}

  dunder-proto@1.0.1:
    dependencies:
      call-bind-apply-helpers: 1.0.2
      es-errors: 1.3.0
      gopd: 1.2.0

  es-define-property@1.0.1: {}

  es-errors@1.3.0: {}

  es-object-atoms@1.1.2:
    dependencies:
      es-errors: 1.3.0

  function-bind@1.1.2: {}

  functional-red-black-tree@1.0.1: {}

  get-intrinsic@1.3.0:
    dependencies:
      call-bind-apply-helpers: 1.0.2
      es-define-property: 1.0.1
      es-errors: 1.3.0
      es-object-atoms: 1.1.2
      function-bind: 1.1.2
      get-proto: 1.0.1
      gopd: 1.2.0
      has-symbols: 1.1.0
      hasown: 2.0.4
      math-intrinsics: 1.1.0

  get-proto@1.0.1:
    dependencies:
      dunder-proto: 1.0.1
      es-object-atoms: 1.1.2

  gopd@1.2.0: {}

  has-property-descriptors@1.0.2:
    dependencies:
      es-define-property: 1.0.1

  has-symbols@1.1.0: {}

  hasown@2.0.4:
    dependencies:
      function-bind: 1.1.2

  immutable@4.3.9: {}

  isarray@2.0.5: {}

  json-stable-stringify@1.3.0:
    dependencies:
      call-bind: 1.0.9
      call-bound: 1.0.4
      isarray: 2.0.5
      jsonify: 0.0.1
      object-keys: 1.1.1

  jsonify@0.0.1: {}

  lru-cache@6.0.0:
    dependencies:
      yallist: 4.0.0

  math-intrinsics@1.1.0: {}

  moment@2.31.0: {}

  moo@0.5.3: {}

  nearley@2.20.1:
    dependencies:
      commander: 2.19.0
      moo: 0.5.3
      railroad-diagrams: 1.0.0
      randexp: 0.4.6

  object-hash@2.2.0: {}

  object-keys@1.1.1: {}

  pg-cloudflare@1.4.1:
    optional: true

  pg-connection-string@2.14.1: {}

  pg-int8@1.0.1: {}

  pg-mem@3.0.14:
    dependencies:
      functional-red-black-tree: 1.0.1
      immutable: 4.3.9
      json-stable-stringify: 1.3.0
      lru-cache: 6.0.0
      moment: 2.31.0
      object-hash: 2.2.0
      pgsql-ast-parser: 12.0.2

  pg-pool@3.14.0(pg@8.23.1):
    dependencies:
      pg: 8.23.1

  pg-protocol@1.16.1: {}

  pg-types@2.2.0:
    dependencies:
      pg-int8: 1.0.1
      postgres-array: 2.0.0
      postgres-bytea: 1.0.1
      postgres-date: 1.0.7
      postgres-interval: 1.1.0

  pg@8.23.1:
    dependencies:
      pg-connection-string: 2.14.1
      pg-pool: 3.14.0(pg@8.23.1)
      pg-protocol: 1.16.1
      pg-types: 2.2.0
      pgpass: 1.0.5
    optionalDependencies:
      pg-cloudflare: 1.4.1

  pgpass@1.0.5:
    dependencies:
      split2: 4.2.0

  pgsql-ast-parser@12.0.2:
    dependencies:
      moo: 0.5.3
      nearley: 2.20.1

  postgres-array@2.0.0: {}

  postgres-bytea@1.0.1: {}

  postgres-date@1.0.7: {}

  postgres-interval@1.1.0:
    dependencies:
      xtend: 4.0.2

  railroad-diagrams@1.0.0: {}

  randexp@0.4.6:
    dependencies:
      discontinuous-range: 1.0.0
      ret: 0.1.15

  ret@0.1.15: {}

  set-function-length@1.2.2:
    dependencies:
      define-data-property: 1.1.4
      es-errors: 1.3.0
      function-bind: 1.1.2
      get-intrinsic: 1.3.0
      gopd: 1.2.0
      has-property-descriptors: 1.0.2

  split2@4.2.0: {}

  xtend@4.0.2: {}

  yallist@4.0.0: {}
